
Microsoft Visual Studio Solution File, Format Version 12.00
# Visual Studio 14
VisualStudioVersion = 14.0.23107.0
MinimumVisualStudioVersion = 10.0.40219.1
Project("{2150E333-8FDC-42A3-9474-1A3956D46DE8}") = "src", "src", "{C5E3D1D1-30D7-4272-A689-2826455C7BB7}"
EndProject
Project("{2150E333-8FDC-42A3-9474-1A3956D46DE8}") = "Solution Items", "Solution Items", "{026170FD-F9D8-448E-9BCF-119D6E0C8C91}"
	ProjectSection(SolutionItems) = preProject
		global.json = global.json
	EndProjectSection
EndProject
Project("{8BB2217D-0F2D-49D1-97BC-3654ED321F3B}") = "FirstStepsWebAPIMVC6", "src\FirstStepsWebAPIMVC6\FirstStepsWebAPIMVC6.xproj", "{F19424DE-28A1-4F96-B748-A37107AE98F5}"
EndProject
Global
	GlobalSection(SolutionConfigurationPlatforms) = preSolution
		Debug|Any CPU = Debug|Any CPU
		Release|Any CPU = Release|Any CPU
	EndGlobalSection
	GlobalSection(ProjectConfigurationPlatforms) = postSolution
		{F19424DE-28A1-4F96-B748-A37107AE98F5}.Debug|Any CPU.ActiveCfg = Debug|Any CPU
		{F19424DE-28A1-4F96-B748-A37107AE98F5}.Debug|Any CPU.Build.0 = Debug|Any CPU
		{F19424DE-28A1-4F96-B748-A37107AE98F5}.Release|Any CPU.ActiveCfg = Release|Any CPU
		{F19424DE-28A1-4F96-B748-A37107AE98F5}.Release|Any CPU.Build.0 = Release|Any CPU
	EndGlobalSection
	GlobalSection(SolutionProperties) = preSolution
		HideSolutionNode = FALSE
	EndGlobalSection
	GlobalSection(NestedProjects) = preSolution
		{F19424DE-28A1-4F96-B748-A37107AE98F5} = {C5E3D1D1-30D7-4272-A689-2826455C7BB7}
	EndGlobalSection
EndGlobal
